
Microsoft Visual Studio Solution File, Format Version 12.00
# Visual Studio Version 16
VisualStudioVersion = 16.0.29728.190
MinimumVisualStudioVersion = 10.0.40219.1
Project("{888888A0-9F3D-457C-B088-3A5042F75D52}") = "Eiffel", "Eiffel\Eiffel.pyproj", "{58BE681C-A367-45F1-80AE-09636EA2F477}"
EndProject
Global
	GlobalSection(SolutionConfigurationPlatforms) = preSolution
		Debug|Any CPU = Debug|Any CPU
		Release|Any CPU = Release|Any CPU
	EndGlobalSection
	GlobalSection(ProjectConfigurationPlatforms) = postSolution
		{58BE681C-A367-45F1-80AE-09636EA2F477}.Debug|Any CPU.ActiveCfg = Debug|Any CPU
		{58BE681C-A367-45F1-80AE-09636EA2F477}.Release|Any CPU.ActiveCfg = Release|Any CPU
	EndGlobalSection
	GlobalSection(SolutionProperties) = preSolution
		HideSolutionNode = FALSE
	EndGlobalSection
	GlobalSection(ExtensibilityGlobals) = postSolution
		SolutionGuid = {88A6D96B-C5B7-499A-B0D7-2CEBC59E5936}
	EndGlobalSection
EndGlobal
